
Microsoft Visual Studio Solution File, Format Version 12.00
# Visual Studio Version 17
VisualStudioVersion = 17.0.31903.59
MinimumVisualStudioVersion = 10.0.40219.1
Project("{2150E333-8FDC-42A3-9474-1A3956D46DE8}") = "src", "src", "{F8A2D1C2-F52E-4CC5-B345-BB355FAF395F}"
EndProject
Project("{2150E333-8FDC-42A3-9474-1A3956D46DE8}") = "services", "services", "{6CCB2020-8E65-46FD-8403-5A61848D5F43}"
EndProject
Project("{2150E333-8FDC-42A3-9474-1A3956D46DE8}") = "BudgeteerApi", "BudgeteerApi", "{6026433F-BB56-453D-9934-0D04D46546A0}"
EndProject
Project("{9A19103F-16F7-4668-BE54-9A1E7A4F7556}") = "Budgeteer.Services.BudgeteerApi.Domain", "src\services\BudgeteerApi\Budgeteer.Services.BudgeteerApi.Domain\Budgeteer.Services.BudgeteerApi.Domain.csproj", "{D6773576-2D8C-4396-B19F-D2DA43921FBD}"
EndProject
Project("{2150E333-8FDC-42A3-9474-1A3956D46DE8}") = "tests", "tests", "{13A0412E-3839-413B-9C19-4E39EE81A1D9}"
EndProject
Project("{2150E333-8FDC-42A3-9474-1A3956D46DE8}") = "services", "services", "{B2FBE4B3-EF8B-421F-90E4-D86D63CEABC9}"
EndProject
Project("{2150E333-8FDC-42A3-9474-1A3956D46DE8}") = "BudgeteerApi", "BudgeteerApi", "{28B431C5-EBB8-4AB9-AC87-8ED528B94216}"
EndProject
Project("{9A19103F-16F7-4668-BE54-9A1E7A4F7556}") = "Budgeteer.Services.BudgeteerApi.Domain.Tests", "tests\services\BudgeteerApi\Budgeteer.Services.BudgeteerApi.Domain.Tests\Budgeteer.Services.BudgeteerApi.Domain.Tests.csproj", "{61032EDD-F43B-497A-B7F1-93A8EBF3D0E8}"
EndProject
Project("{9A19103F-16F7-4668-BE54-9A1E7A4F7556}") = "Budgeteer.Services.BudgeteerApi.Persistence", "src\services\BudgeteerApi\Budgeteer.Services.BudgeteerApi.Persistence\Budgeteer.Services.BudgeteerApi.Persistence.csproj", "{8E7D928D-80EA-4C12-B93D-16EDF86E2AFA}"
EndProject
Project("{9A19103F-16F7-4668-BE54-9A1E7A4F7556}") = "Budgeteer.Services.BudgeteerApi.Services", "src\services\BudgeteerApi\Budgeteer.Services.BudgeteerApi.Services\Budgeteer.Services.BudgeteerApi.Services.csproj", "{0D31EB03-6643-45C5-9F9F-3CDFE3F0A2AB}"
EndProject
Project("{9A19103F-16F7-4668-BE54-9A1E7A4F7556}") = "Budgeteer.Services.BudgeteerApi.Infrastructure", "src\services\BudgeteerApi\Budgeteer.Services.BudgeteerApi.Infrastructure\Budgeteer.Services.BudgeteerApi.Infrastructure.csproj", "{8AA69CA3-20AA-4E5A-ABBA-C239F3877026}"
EndProject
Global
	GlobalSection(SolutionConfigurationPlatforms) = preSolution
		Debug|Any CPU = Debug|Any CPU
		Release|Any CPU = Release|Any CPU
	EndGlobalSection
	GlobalSection(ProjectConfigurationPlatforms) = postSolution
		{D6773576-2D8C-4396-B19F-D2DA43921FBD}.Debug|Any CPU.ActiveCfg = Debug|Any CPU
		{D6773576-2D8C-4396-B19F-D2DA43921FBD}.Debug|Any CPU.Build.0 = Debug|Any CPU
		{D6773576-2D8C-4396-B19F-D2DA43921FBD}.Release|Any CPU.ActiveCfg = Release|Any CPU
		{D6773576-2D8C-4396-B19F-D2DA43921FBD}.Release|Any CPU.Build.0 = Release|Any CPU
		{61032EDD-F43B-497A-B7F1-93A8EBF3D0E8}.Debug|Any CPU.ActiveCfg = Debug|Any CPU
		{61032EDD-F43B-497A-B7F1-93A8EBF3D0E8}.Debug|Any CPU.Build.0 = Debug|Any CPU
		{61032EDD-F43B-497A-B7F1-93A8EBF3D0E8}.Release|Any CPU.ActiveCfg = Release|Any CPU
		{61032EDD-F43B-497A-B7F1-93A8EBF3D0E8}.Release|Any CPU.Build.0 = Release|Any CPU
		{8E7D928D-80EA-4C12-B93D-16EDF86E2AFA}.Debug|Any CPU.ActiveCfg = Debug|Any CPU
		{8E7D928D-80EA-4C12-B93D-16EDF86E2AFA}.Debug|Any CPU.Build.0 = Debug|Any CPU
		{8E7D928D-80EA-4C12-B93D-16EDF86E2AFA}.Release|Any CPU.ActiveCfg = Release|Any CPU
		{8E7D928D-80EA-4C12-B93D-16EDF86E2AFA}.Release|Any CPU.Build.0 = Release|Any CPU
		{0D31EB03-6643-45C5-9F9F-3CDFE3F0A2AB}.Debug|Any CPU.ActiveCfg = Debug|Any CPU
		{0D31EB03-6643-45C5-9F9F-3CDFE3F0A2AB}.Debug|Any CPU.Build.0 = Debug|Any CPU
		{0D31EB03-6643-45C5-9F9F-3CDFE3F0A2AB}.Release|Any CPU.ActiveCfg = Release|Any CPU
		{0D31EB03-6643-45C5-9F9F-3CDFE3F0A2AB}.Release|Any CPU.Build.0 = Release|Any CPU
		{8AA69CA3-20AA-4E5A-ABBA-C239F3877026}.Debug|Any CPU.ActiveCfg = Debug|Any CPU
		{8AA69CA3-20AA-4E5A-ABBA-C239F3877026}.Debug|Any CPU.Build.0 = Debug|Any CPU
		{8AA69CA3-20AA-4E5A-ABBA-C239F3877026}.Release|Any CPU.ActiveCfg = Release|Any CPU
		{8AA69CA3-20AA-4E5A-ABBA-C239F3877026}.Release|Any CPU.Build.0 = Release|Any CPU
	EndGlobalSection
	GlobalSection(SolutionProperties) = preSolution
		HideSolutionNode = FALSE
	EndGlobalSection
	GlobalSection(NestedProjects) = preSolution
		{6CCB2020-8E65-46FD-8403-5A61848D5F43} = {F8A2D1C2-F52E-4CC5-B345-BB355FAF395F}
		{6026433F-BB56-453D-9934-0D04D46546A0} = {6CCB2020-8E65-46FD-8403-5A61848D5F43}
		{D6773576-2D8C-4396-B19F-D2DA43921FBD} = {6026433F-BB56-453D-9934-0D04D46546A0}
		{B2FBE4B3-EF8B-421F-90E4-D86D63CEABC9} = {13A0412E-3839-413B-9C19-4E39EE81A1D9}
		{28B431C5-EBB8-4AB9-AC87-8ED528B94216} = {B2FBE4B3-EF8B-421F-90E4-D86D63CEABC9}
		{61032EDD-F43B-497A-B7F1-93A8EBF3D0E8} = {28B431C5-EBB8-4AB9-AC87-8ED528B94216}
		{8E7D928D-80EA-4C12-B93D-16EDF86E2AFA} = {6026433F-BB56-453D-9934-0D04D46546A0}
		{0D31EB03-6643-45C5-9F9F-3CDFE3F0A2AB} = {6026433F-BB56-453D-9934-0D04D46546A0}
		{8AA69CA3-20AA-4E5A-ABBA-C239F3877026} = {6026433F-BB56-453D-9934-0D04D46546A0}
	EndGlobalSection
	GlobalSection(ExtensibilityGlobals) = postSolution
		SolutionGuid = {00AF08D5-15CF-4B9B-B7A1-65F9EDC95B4D}
	EndGlobalSection
EndGlobal
